
Microsoft Visual Studio Solution File, Format Version 12.00
# Visual Studio Version 17
VisualStudioVersion = 17.0.32126.317
MinimumVisualStudioVersion = 10.0.40219.1
Project("{8BC9CEB8-8B4A-11D0-8D11-00A0C91BC942}") = "PanditaNarayan", "PanditaNarayan\PanditaNarayan.vcxproj", "{88F8938E-5761-49E3-B59A-3E506B767110}"
EndProject
Project("{8BC9CEB8-8B4A-11D0-8D11-00A0C91BC942}") = "RandomPermutation", "RandomPermutation\RandomPermutation.vcxproj", "{9212A949-A94E-48D5-82A0-38932D1B2464}"
EndProject
Project("{8BC9CEB8-8B4A-11D0-8D11-00A0C91BC942}") = "Johnson-Trotter-algorithm", "Johnson-Trotter-algorithm\Johnson-Trotter-algorithm.vcxproj", "{013197B7-610C-49F1-AA51-4A3452C5C761}"
EndProject
Project("{8BC9CEB8-8B4A-11D0-8D11-00A0C91BC942}") = "GenerateSubset", "GenerateSubset\GenerateSubset.vcxproj", "{D42871E5-7478-4BA0-B0E7-51506AACA39E}"
EndProject
Project("{8BC9CEB8-8B4A-11D0-8D11-00A0C91BC942}") = "GeneratePartialPermutation", "GeneratePartialPermutation\GeneratePartialPermutation.vcxproj", "{2EF32293-B1EC-424C-B38B-395055B21FEB}"
EndProject
Project("{8BC9CEB8-8B4A-11D0-8D11-00A0C91BC942}") = "CombinationsLexicOrder", "CombinationsLexicOrder\CombinationsLexicOrder.vcxproj", "{99AC7DE0-659C-47E2-ACCA-ADAB5A908CB4}"
EndProject
Global
	GlobalSection(SolutionConfigurationPlatforms) = preSolution
		Debug|x64 = Debug|x64
		Debug|x86 = Debug|x86
		Release|x64 = Release|x64
		Release|x86 = Release|x86
	EndGlobalSection
	GlobalSection(ProjectConfigurationPlatforms) = postSolution
		{88F8938E-5761-49E3-B59A-3E506B767110}.Debug|x64.ActiveCfg = Debug|x64
		{88F8938E-5761-49E3-B59A-3E506B767110}.Debug|x64.Build.0 = Debug|x64
		{88F8938E-5761-49E3-B59A-3E506B767110}.Debug|x86.ActiveCfg = Debug|Win32
		{88F8938E-5761-49E3-B59A-3E506B767110}.Debug|x86.Build.0 = Debug|Win32
		{88F8938E-5761-49E3-B59A-3E506B767110}.Release|x64.ActiveCfg = Release|x64
		{88F8938E-5761-49E3-B59A-3E506B767110}.Release|x64.Build.0 = Release|x64
		{88F8938E-5761-49E3-B59A-3E506B767110}.Release|x86.ActiveCfg = Release|Win32
		{88F8938E-5761-49E3-B59A-3E506B767110}.Release|x86.Build.0 = Release|Win32
		{9212A949-A94E-48D5-82A0-38932D1B2464}.Debug|x64.ActiveCfg = Debug|x64
		{9212A949-A94E-48D5-82A0-38932D1B2464}.Debug|x64.Build.0 = Debug|x64
		{9212A949-A94E-48D5-82A0-38932D1B2464}.Debug|x86.ActiveCfg = Debug|Win32
		{9212A949-A94E-48D5-82A0-38932D1B2464}.Debug|x86.Build.0 = Debug|Win32
		{9212A949-A94E-48D5-82A0-38932D1B2464}.Release|x64.ActiveCfg = Release|x64
		{9212A949-A94E-48D5-82A0-38932D1B2464}.Release|x64.Build.0 = Release|x64
		{9212A949-A94E-48D5-82A0-38932D1B2464}.Release|x86.ActiveCfg = Release|Win32
		{9212A949-A94E-48D5-82A0-38932D1B2464}.Release|x86.Build.0 = Release|Win32
		{013197B7-610C-49F1-AA51-4A3452C5C761}.Debug|x64.ActiveCfg = Debug|x64
		{013197B7-610C-49F1-AA51-4A3452C5C761}.Debug|x64.Build.0 = Debug|x64
		{013197B7-610C-49F1-AA51-4A3452C5C761}.Debug|x86.ActiveCfg = Debug|Win32
		{013197B7-610C-49F1-AA51-4A3452C5C761}.Debug|x86.Build.0 = Debug|Win32
		{013197B7-610C-49F1-AA51-4A3452C5C761}.Release|x64.ActiveCfg = Release|x64
		{013197B7-610C-49F1-AA51-4A3452C5C761}.Release|x64.Build.0 = Release|x64
		{013197B7-610C-49F1-AA51-4A3452C5C761}.Release|x86.ActiveCfg = Release|Win32
		{013197B7-610C-49F1-AA51-4A3452C5C761}.Release|x86.Build.0 = Release|Win32
		{D42871E5-7478-4BA0-B0E7-51506AACA39E}.Debug|x64.ActiveCfg = Debug|x64
		{D42871E5-7478-4BA0-B0E7-51506AACA39E}.Debug|x64.Build.0 = Debug|x64
		{D42871E5-7478-4BA0-B0E7-51506AACA39E}.Debug|x86.ActiveCfg = Debug|Win32
		{D42871E5-7478-4BA0-B0E7-51506AACA39E}.Debug|x86.Build.0 = Debug|Win32
		{D42871E5-7478-4BA0-B0E7-51506AACA39E}.Release|x64.ActiveCfg = Release|x64
		{D42871E5-7478-4BA0-B0E7-51506AACA39E}.Release|x64.Build.0 = Release|x64
		{D42871E5-7478-4BA0-B0E7-51506AACA39E}.Release|x86.ActiveCfg = Release|Win32
		{D42871E5-7478-4BA0-B0E7-51506AACA39E}.Release|x86.Build.0 = Release|Win32
		{2EF32293-B1EC-424C-B38B-395055B21FEB}.Debug|x64.ActiveCfg = Debug|x64
		{2EF32293-B1EC-424C-B38B-395055B21FEB}.Debug|x64.Build.0 = Debug|x64
		{2EF32293-B1EC-424C-B38B-395055B21FEB}.Debug|x86.ActiveCfg = Debug|Win32
		{2EF32293-B1EC-424C-B38B-395055B21FEB}.Debug|x86.Build.0 = Debug|Win32
		{2EF32293-B1EC-424C-B38B-395055B21FEB}.Release|x64.ActiveCfg = Release|x64
		{2EF32293-B1EC-424C-B38B-395055B21FEB}.Release|x64.Build.0 = Release|x64
		{2EF32293-B1EC-424C-B38B-395055B21FEB}.Release|x86.ActiveCfg = Release|Win32
		{2EF32293-B1EC-424C-B38B-395055B21FEB}.Release|x86.Build.0 = Release|Win32
		{99AC7DE0-659C-47E2-ACCA-ADAB5A908CB4}.Debug|x64.ActiveCfg = Debug|x64
		{99AC7DE0-659C-47E2-ACCA-ADAB5A908CB4}.Debug|x64.Build.0 = Debug|x64
		{99AC7DE0-659C-47E2-ACCA-ADAB5A908CB4}.Debug|x86.ActiveCfg = Debug|Win32
		{99AC7DE0-659C-47E2-ACCA-ADAB5A908CB4}.Debug|x86.Build.0 = Debug|Win32
		{99AC7DE0-659C-47E2-ACCA-ADAB5A908CB4}.Release|x64.ActiveCfg = Release|x64
		{99AC7DE0-659C-47E2-ACCA-ADAB5A908CB4}.Release|x64.Build.0 = Release|x64
		{99AC7DE0-659C-47E2-ACCA-ADAB5A908CB4}.Release|x86.ActiveCfg = Release|Win32
		{99AC7DE0-659C-47E2-ACCA-ADAB5A908CB4}.Release|x86.Build.0 = Release|Win32
	EndGlobalSection
	GlobalSection(SolutionProperties) = preSolution
		HideSolutionNode = FALSE
	EndGlobalSection
	GlobalSection(ExtensibilityGlobals) = postSolution
		SolutionGuid = {69B05161-B276-4297-9D50-596F09CF6CFB}
	EndGlobalSection
EndGlobal
